
Microsoft Visual Studio Solution File, Format Version 12.00
# Visual Studio Version 16
VisualStudioVersion = 16.0.30717.126
MinimumVisualStudioVersion = 10.0.40219.1
Project("{F2A71F9B-5D33-465A-A702-920D77279786}") = "task1", "task1\task1.fsproj", "{3CD4BEA4-94D0-404B-AC40-0B831291627D}"
EndProject
Project("{F2A71F9B-5D33-465A-A702-920D77279786}") = "task2", "task2\task2.fsproj", "{63864A37-928D-43A6-9A71-8F79C6A54DCD}"
EndProject
Project("{F2A71F9B-5D33-465A-A702-920D77279786}") = "task3", "task3\task3.fsproj", "{6946D169-D1B6-466B-BDD7-3501294EB66D}"
EndProject
Global
	GlobalSection(SolutionConfigurationPlatforms) = preSolution
		Debug|Any CPU = Debug|Any CPU
		Release|Any CPU = Release|Any CPU
	EndGlobalSection
	GlobalSection(ProjectConfigurationPlatforms) = postSolution
		{3CD4BEA4-94D0-404B-AC40-0B831291627D}.Debug|Any CPU.ActiveCfg = Debug|Any CPU
		{3CD4BEA4-94D0-404B-AC40-0B831291627D}.Debug|Any CPU.Build.0 = Debug|Any CPU
		{3CD4BEA4-94D0-404B-AC40-0B831291627D}.Release|Any CPU.ActiveCfg = Release|Any CPU
		{3CD4BEA4-94D0-404B-AC40-0B831291627D}.Release|Any CPU.Build.0 = Release|Any CPU
		{63864A37-928D-43A6-9A71-8F79C6A54DCD}.Debug|Any CPU.ActiveCfg = Debug|Any CPU
		{63864A37-928D-43A6-9A71-8F79C6A54DCD}.Debug|Any CPU.Build.0 = Debug|Any CPU
		{63864A37-928D-43A6-9A71-8F79C6A54DCD}.Release|Any CPU.ActiveCfg = Release|Any CPU
		{63864A37-928D-43A6-9A71-8F79C6A54DCD}.Release|Any CPU.Build.0 = Release|Any CPU
		{6946D169-D1B6-466B-BDD7-3501294EB66D}.Debug|Any CPU.ActiveCfg = Debug|Any CPU
		{6946D169-D1B6-466B-BDD7-3501294EB66D}.Debug|Any CPU.Build.0 = Debug|Any CPU
		{6946D169-D1B6-466B-BDD7-3501294EB66D}.Release|Any CPU.ActiveCfg = Release|Any CPU
		{6946D169-D1B6-466B-BDD7-3501294EB66D}.Release|Any CPU.Build.0 = Release|Any CPU
	EndGlobalSection
	GlobalSection(SolutionProperties) = preSolution
		HideSolutionNode = FALSE
	EndGlobalSection
	GlobalSection(ExtensibilityGlobals) = postSolution
		SolutionGuid = {27EE615C-AB6D-44BE-B9EB-74D9E02986F3}
	EndGlobalSection
EndGlobal
